PODS:
  - DGElasticPullToRefresh (1.1)
  - Kingfisher (3.2.1)
  - ReachabilitySwift (3)

DEPENDENCIES:
  - DGElasticPullToRefresh
  - Kingfisher
  - ReachabilitySwift (~> 3)

SPEC CHECKSUMS:
  DGElasticPullToRefresh: 28f11a6026302a90f8ffebbc6e24748e584dddd3
  Kingfisher: 64ef28c6d3d6f344e3ae2d7f5c9da80439505d99
  ReachabilitySwift: f5b9bb30a0777fac8f09ce8b067e32faeb29bb64

PODFILE CHECKSUM: 18d1516ef237b43d2a88e5f01555202d648d1e48

COCOAPODS: 1.0.1
