// !$*UTF8*$!
{
	archiveVersion = 1;
	classes = {
	};
	objectVersion = 46;
	objects = {

/* Begin PBXBuildFile section */
		05748156DAFEB85AF5F2238F /* Pods_UnsplashItGallery.framework in Frameworks */ = {isa = PBXBuildFile; fileRef = 78728A2AC2B4467C0917BEA3 /* Pods_UnsplashItGallery.framework */; };
		3EA553EF1C341A3000AC00D5 /* Main.storyboard in Resources */ = {isa = PBXBuildFile; fileRef = 3EA553ED1C341A3000AC00D5 /* Main.storyboard */; };
		3EA553F11C341A3000AC00D5 /* Assets.xcassets in Resources */ = {isa = PBXBuildFile; fileRef = 3EA553F01C341A3000AC00D5 /* Assets.xcassets */; };
		3EA553F41C341A3000AC00D5 /* LaunchScreen.storyboard in Resources */ = {isa = PBXBuildFile; fileRef = 3EA553F21C341A3000AC00D5 /* LaunchScreen.storyboard */; };
		3EB65DCB1E29F25400BD47D3 /* ImageModel.swift in Sources */ = {isa = PBXBuildFile; fileRef = 3EB65DC91E29F25400BD47D3 /* ImageModel.swift */; };
		3EB65DCC1E29F25400BD47D3 /* ImageURLModel.swift in Sources */ = {isa = PBXBuildFile; fileRef = 3EB65DCA1E29F25400BD47D3 /* ImageURLModel.swift */; };
		3EB65DCE1E29F26600BD47D3 /* MainTableViewCell.swift in Sources */ = {isa = PBXBuildFile; fileRef = 3EB65DCD1E29F26600BD47D3 /* MainTableViewCell.swift */; };
		3EB65DD21E29F28D00BD47D3 /* InfoViewController.swift in Sources */ = {isa = PBXBuildFile; fileRef = 3EB65DCF1E29F28D00BD47D3 /* InfoViewController.swift */; };
		3EB65DD31E29F28D00BD47D3 /* RootNavigationController.swift in Sources */ = {isa = PBXBuildFile; fileRef = 3EB65DD01E29F28D00BD47D3 /* RootNavigationController.swift */; };
		3EB65DD41E29F28D00BD47D3 /* RootViewController.swift in Sources */ = {isa = PBXBuildFile; fileRef = 3EB65DD11E29F28D00BD47D3 /* RootViewController.swift */; };
		3EB65DD91E29F2F200BD47D3 /* PhotoBrowserController.swift in Sources */ = {isa = PBXBuildFile; fileRef = 3EB65DD81E29F2F200BD47D3 /* PhotoBrowserController.swift */; };
		3EB65DDE1E29F31300BD47D3 /* ImageCollectionViewLayout.swift in Sources */ = {isa = PBXBuildFile; fileRef = 3EB65DDA1E29F31300BD47D3 /* ImageCollectionViewLayout.swift */; };
		3EB65DDF1E29F31300BD47D3 /* PhotoBrowserCell.swift in Sources */ = {isa = PBXBuildFile; fileRef = 3EB65DDB1E29F31300BD47D3 /* PhotoBrowserCell.swift */; };
		3EB65DE01E29F31300BD47D3 /* PhotoBrowserCell.xib in Resources */ = {isa = PBXBuildFile; fileRef = 3EB65DDC1E29F31300BD47D3 /* PhotoBrowserCell.xib */; };
		3EB65DE11E29F31300BD47D3 /* ProgressView.swift in Sources */ = {isa = PBXBuildFile; fileRef = 3EB65DDD1E29F31300BD47D3 /* ProgressView.swift */; };
		3EB65DE41E29F38E00BD47D3 /* Constant.swift in Sources */ = {isa = PBXBuildFile; fileRef = 3EB65DE31E29F38E00BD47D3 /* Constant.swift */; };
		3EB65DE91E29F3C900BD47D3 /* AppDelegate.swift in Sources */ = {isa = PBXBuildFile; fileRef = 3EB65DE61E29F3C900BD47D3 /* AppDelegate.swift */; };
		3EB65DEA1E29F3C900BD47D3 /* Info.plist in Resources */ = {isa = PBXBuildFile; fileRef = 3EB65DE71E29F3C900BD47D3 /* Info.plist */; };
		3EB65DEE1E29F41D00BD47D3 /* DataStorageTool.swift in Sources */ = {isa = PBXBuildFile; fileRef = 3EB65DEC1E29F41D00BD47D3 /* DataStorageTool.swift */; };
		3EB65DEF1E29F41D00BD47D3 /* ShowAlert.swift in Sources */ = {isa = PBXBuildFile; fileRef = 3EB65DED1E29F41D00BD47D3 /* ShowAlert.swift */; };
		3ECB43451C3918F800AB83CE /* Localizable.strings in Resources */ = {isa = PBXBuildFile; fileRef = 3ECB43471C3918F800AB83CE /* Localizable.strings */; };
		3ECB43591C3AC52F00AB83CE /* InfoPlist.strings in Resources */ = {isa = PBXBuildFile; fileRef = 3ECB435B1C3AC52F00AB83CE /* InfoPlist.strings */; };
/* End PBXBuildFile section */

/* Begin PBXCopyFilesBuildPhase section */
		3EA5545C1C34BB5500AC00D5 /* Embed Frameworks */ = {
			isa = PBXCopyFilesBuildPhase;
			buildActionMask = 2147483647;
			dstPath = "";
			dstSubfolderSpec = 10;
			files = (
			);
			name = "Embed Frameworks";
			runOnlyForDeploymentPostprocessing = 0;
		};
		3EA5547A1C34FD8E00AC00D5 /* Copy Frameworks */ = {
			isa = PBXCopyFilesBuildPhase;
			buildActionMask = 2147483647;
			dstPath = "";
			dstSubfolderSpec = 10;
			files = (
			);
			name = "Copy Frameworks";
			runOnlyForDeploymentPostprocessing = 0;
		};
/* End PBXCopyFilesBuildPhase section */

/* Begin PBXFileReference section */
		1C5DD9300A4727910F996C3C /* Pods-UnsplashItGallery.release.xcconfig */ = {isa = PBXFileReference; includeInIndex = 1; lastKnownFileType = text.xcconfig; name = "Pods-UnsplashItGallery.release.xcconfig"; path = "Pods/Target Support Files/Pods-UnsplashItGallery/Pods-UnsplashItGallery.release.xcconfig"; sourceTree = "<group>"; };
		3EA553E61C341A3000AC00D5 /* UnsplashItGallery.app */ = {isa = PBXFileReference; explicitFileType = wrapper.application; includeInIndex = 0; path = UnsplashItGallery.app; sourceTree = BUILT_PRODUCTS_DIR; };
		3EA553EE1C341A3000AC00D5 /* Base */ = {isa = PBXFileReference; lastKnownFileType = file.storyboard; name = Base; path = Base.lproj/Main.storyboard; sourceTree = "<group>"; };
		3EA553F01C341A3000AC00D5 /* Assets.xcassets */ = {isa = PBXFileReference; lastKnownFileType = folder.assetcatalog; name = Assets.xcassets; path = ../Assets.xcassets; sourceTree = "<group>"; };
		3EA553F31C341A3000AC00D5 /* Base */ = {isa = PBXFileReference; lastKnownFileType = file.storyboard; name = Base; path = Base.lproj/LaunchScreen.storyboard; sourceTree = "<group>"; };
		3EB65DC91E29F25400BD47D3 /* ImageModel.swift */ = {isa = PBXFileReference; fileEncoding = 4; lastKnownFileType = sourcecode.swift; path = ImageModel.swift; sourceTree = "<group>"; };
		3EB65DCA1E29F25400BD47D3 /* ImageURLModel.swift */ = {isa = PBXFileReference; fileEncoding = 4; lastKnownFileType = sourcecode.swift; path = ImageURLModel.swift; sourceTree = "<group>"; };
		3EB65DCD1E29F26600BD47D3 /* MainTableViewCell.swift */ = {isa = PBXFileReference; fileEncoding = 4; lastKnownFileType = sourcecode.swift; path = MainTableViewCell.swift; sourceTree = "<group>"; };
		3EB65DCF1E29F28D00BD47D3 /* InfoViewController.swift */ = {isa = PBXFileReference; fileEncoding = 4; lastKnownFileType = sourcecode.swift; path = InfoViewController.swift; sourceTree = "<group>"; };
		3EB65DD01E29F28D00BD47D3 /* RootNavigationController.swift */ = {isa = PBXFileReference; fileEncoding = 4; lastKnownFileType = sourcecode.swift; path = RootNavigationController.swift; sourceTree = "<group>"; };
		3EB65DD11E29F28D00BD47D3 /* RootViewController.swift */ = {isa = PBXFileReference; fileEncoding = 4; lastKnownFileType = sourcecode.swift; path = RootViewController.swift; sourceTree = "<group>"; };
		3EB65DD81E29F2F200BD47D3 /* PhotoBrowserController.swift */ = {isa = PBXFileReference; fileEncoding = 4; lastKnownFileType = sourcecode.swift; path = PhotoBrowserController.swift; sourceTree = "<group>"; };
		3EB65DDA1E29F31300BD47D3 /* ImageCollectionViewLayout.swift */ = {isa = PBXFileReference; fileEncoding = 4; lastKnownFileType = sourcecode.swift; path = ImageCollectionViewLayout.swift; sourceTree = "<group>"; };
		3EB65DDB1E29F31300BD47D3 /* PhotoBrowserCell.swift */ = {isa = PBXFileReference; fileEncoding = 4; lastKnownFileType = sourcecode.swift; path = PhotoBrowserCell.swift; sourceTree = "<group>"; };
		3EB65DDC1E29F31300BD47D3 /* PhotoBrowserCell.xib */ = {isa = PBXFileReference; fileEncoding = 4; lastKnownFileType = file.xib; path = PhotoBrowserCell.xib; sourceTree = "<group>"; };
		3EB65DDD1E29F31300BD47D3 /* ProgressView.swift */ = {isa = PBXFileReference; fileEncoding = 4; lastKnownFileType = sourcecode.swift; path = ProgressView.swift; sourceTree = "<group>"; };
		3EB65DE31E29F38E00BD47D3 /* Constant.swift */ = {isa = PBXFileReference; fileEncoding = 4; lastKnownFileType = sourcecode.swift; path = Constant.swift; sourceTree = "<group>"; };
		3EB65DE61E29F3C900BD47D3 /* AppDelegate.swift */ = {isa = PBXFileReference; fileEncoding = 4; lastKnownFileType = sourcecode.swift; path = AppDelegate.swift; sourceTree = "<group>"; };
		3EB65DE71E29F3C900BD47D3 /* Info.plist */ = {isa = PBXFileReference; fileEncoding = 4; lastKnownFileType = text.plist.xml; path = Info.plist; sourceTree = "<group>"; };
		3EB65DEC1E29F41D00BD47D3 /* DataStorageTool.swift */ = {isa = PBXFileReference; fileEncoding = 4; lastKnownFileType = sourcecode.swift; path = DataStorageTool.swift; sourceTree = "<group>"; };
		3EB65DED1E29F41D00BD47D3 /* ShowAlert.swift */ = {isa = PBXFileReference; fileEncoding = 4; lastKnownFileType = sourcecode.swift; path = ShowAlert.swift; sourceTree = "<group>"; };
		3ECB43461C3918F800AB83CE /* Base */ = {isa = PBXFileReference; lastKnownFileType = text.plist.strings; name = Base; path = Base.lproj/Localizable.strings; sourceTree = "<group>"; };
		3ECB43481C3918FB00AB83CE /* zh-Hans */ = {isa = PBXFileReference; lastKnownFileType = text.plist.strings; name = "zh-Hans"; path = "zh-Hans.lproj/Localizable.strings"; sourceTree = "<group>"; };
		3ECB435A1C3AC52F00AB83CE /* Base */ = {isa = PBXFileReference; lastKnownFileType = text.plist.strings; name = Base; path = Base.lproj/InfoPlist.strings; sourceTree = "<group>"; };
		3ECB435C1C3AC53100AB83CE /* zh-Hans */ = {isa = PBXFileReference; lastKnownFileType = text.plist.strings; name = "zh-Hans"; path = "zh-Hans.lproj/InfoPlist.strings"; sourceTree = "<group>"; };
		3ECB436C1C3B8A8B00AB83CE /* zh-Hans */ = {isa = PBXFileReference; lastKnownFileType = text.plist.strings; name = "zh-Hans"; path = "zh-Hans.lproj/Main.strings"; sourceTree = "<group>"; };
		78728A2AC2B4467C0917BEA3 /* Pods_UnsplashItGallery.framework */ = {isa = PBXFileReference; explicitFileType = wrapper.framework; includeInIndex = 0; path = Pods_UnsplashItGallery.framework; sourceTree = BUILT_PRODUCTS_DIR; };
		8EC234B6C1552B241A75DEC8 /* Pods-UnsplashItGallery.debug.xcconfig */ = {isa = PBXFileReference; includeInIndex = 1; lastKnownFileType = text.xcconfig; name = "Pods-UnsplashItGallery.debug.xcconfig"; path = "Pods/Target Support Files/Pods-UnsplashItGallery/Pods-UnsplashItGallery.debug.xcconfig"; sourceTree = "<group>"; };
/* End PBXFileReference section */

/* Begin PBXFrameworksBuildPhase section */
		3EA553E31C341A3000AC00D5 /* Frameworks */ = {
			isa = PBXFrameworksBuildPhase;
			buildActionMask = 2147483647;
			files = (
				05748156DAFEB85AF5F2238F /* Pods_UnsplashItGallery.framework in Frameworks */,
			);
			runOnlyForDeploymentPostprocessing = 0;
		};
/* End PBXFrameworksBuildPhase section */

/* Begin PBXGroup section */
		3EA553DD1C341A3000AC00D5 = {
			isa = PBXGroup;
			children = (
				3EA553E81C341A3000AC00D5 /* UnsplashItGallery */,
				3EA553E71C341A3000AC00D5 /* Products */,
				DBF31226FC3AE66724C00E07 /* Frameworks */,
				879FEBA8EDA6A06E47037B7C /* Pods */,
			);
			sourceTree = "<group>";
		};
		3EA553E71C341A3000AC00D5 /* Products */ = {
			isa = PBXGroup;
			children = (
				3EA553E61C341A3000AC00D5 /* UnsplashItGallery.app */,
			);
			name = Products;
			sourceTree = "<group>";
		};
		3EA553E81C341A3000AC00D5 /* UnsplashItGallery */ = {
			isa = PBXGroup;
			children = (
				3EB65DC41E29F21C00BD47D3 /* Modules */,
				3EB65DE21E29F38E00BD47D3 /* Constant */,
				3EB65DE51E29F3C900BD47D3 /* General */,
				3EB65DEB1E29F41D00BD47D3 /* Helper */,
				3EB65DE81E29F3C900BD47D3 /* Resources */,
			);
			path = UnsplashItGallery;
			sourceTree = "<group>";
		};
		3EB65DC41E29F21C00BD47D3 /* Modules */ = {
			isa = PBXGroup;
			children = (
				3EB65DD51E29F2DC00BD47D3 /* PhotoBrowser */,
				3EB65DC51E29F21C00BD47D3 /* HomePage */,
			);
			path = Modules;
			sourceTree = "<group>";
		};
		3EB65DC51E29F21C00BD47D3 /* HomePage */ = {
			isa = PBXGroup;
			children = (
				3EB65DC61E29F23B00BD47D3 /* Model */,
				3EB65DC71E29F23B00BD47D3 /* View */,
				3EB65DC81E29F23B00BD47D3 /* Controller */,
			);
			path = HomePage;
			sourceTree = "<group>";
		};
		3EB65DC61E29F23B00BD47D3 /* Model */ = {
			isa = PBXGroup;
			children = (
				3EB65DC91E29F25400BD47D3 /* ImageModel.swift */,
				3EB65DCA1E29F25400BD47D3 /* ImageURLModel.swift */,
			);
			path = Model;
			sourceTree = "<group>";
		};
		3EB65DC71E29F23B00BD47D3 /* View */ = {
			isa = PBXGroup;
			children = (
				3EB65DCD1E29F26600BD47D3 /* MainTableViewCell.swift */,
			);
			path = View;
			sourceTree = "<group>";
		};
		3EB65DC81E29F23B00BD47D3 /* Controller */ = {
			isa = PBXGroup;
			children = (
				3EB65DCF1E29F28D00BD47D3 /* InfoViewController.swift */,
				3EB65DD01E29F28D00BD47D3 /* RootNavigationController.swift */,
				3EB65DD11E29F28D00BD47D3 /* RootViewController.swift */,
			);
			path = Controller;
			sourceTree = "<group>";
		};
		3EB65DD51E29F2DC00BD47D3 /* PhotoBrowser */ = {
			isa = PBXGroup;
			children = (
				3EB65DD61E29F2DC00BD47D3 /* Controller */,
				3EB65DD71E29F2DC00BD47D3 /* View */,
			);
			path = PhotoBrowser;
			sourceTree = "<group>";
		};
		3EB65DD61E29F2DC00BD47D3 /* Controller */ = {
			isa = PBXGroup;
			children = (
				3EB65DD81E29F2F200BD47D3 /* PhotoBrowserController.swift */,
			);
			path = Controller;
			sourceTree = "<group>";
		};
		3EB65DD71E29F2DC00BD47D3 /* View */ = {
			isa = PBXGroup;
			children = (
				3EB65DDA1E29F31300BD47D3 /* ImageCollectionViewLayout.swift */,
				3EB65DDB1E29F31300BD47D3 /* PhotoBrowserCell.swift */,
				3EB65DDC1E29F31300BD47D3 /* PhotoBrowserCell.xib */,
				3EB65DDD1E29F31300BD47D3 /* ProgressView.swift */,
			);
			path = View;
			sourceTree = "<group>";
		};
		3EB65DE21E29F38E00BD47D3 /* Constant */ = {
			isa = PBXGroup;
			children = (
				3EB65DE31E29F38E00BD47D3 /* Constant.swift */,
			);
			path = Constant;
			sourceTree = "<group>";
		};
		3EB65DE51E29F3C900BD47D3 /* General */ = {
			isa = PBXGroup;
			children = (
				3EB65DE61E29F3C900BD47D3 /* AppDelegate.swift */,
				3EA553ED1C341A3000AC00D5 /* Main.storyboard */,
				3EA553F21C341A3000AC00D5 /* LaunchScreen.storyboard */,
				3EB65DE71E29F3C900BD47D3 /* Info.plist */,
			);
			path = General;
			sourceTree = "<group>";
		};
		3EB65DE81E29F3C900BD47D3 /* Resources */ = {
			isa = PBXGroup;
			children = (
				3EA553F01C341A3000AC00D5 /* Assets.xcassets */,
				3ECB435B1C3AC52F00AB83CE /* InfoPlist.strings */,
				3ECB43471C3918F800AB83CE /* Localizable.strings */,
			);
			path = Resources;
			sourceTree = "<group>";
		};
		3EB65DEB1E29F41D00BD47D3 /* Helper */ = {
			isa = PBXGroup;
			children = (
				3EB65DEC1E29F41D00BD47D3 /* DataStorageTool.swift */,
				3EB65DED1E29F41D00BD47D3 /* ShowAlert.swift */,
			);
			path = Helper;
			sourceTree = "<group>";
		};
		879FEBA8EDA6A06E47037B7C /* Pods */ = {
			isa = PBXGroup;
			children = (
				8EC234B6C1552B241A75DEC8 /* Pods-UnsplashItGallery.debug.xcconfig */,
				1C5DD9300A4727910F996C3C /* Pods-UnsplashItGallery.release.xcconfig */,
			);
			name = Pods;
			sourceTree = "<group>";
		};
		DBF31226FC3AE66724C00E07 /* Frameworks */ = {
			isa = PBXGroup;
			children = (
				78728A2AC2B4467C0917BEA3 /* Pods_UnsplashItGallery.framework */,
			);
			name = Frameworks;
			sourceTree = "<group>";
		};
/* End PBXGroup section */

/* Begin PBXNativeTarget section */
		3EA553E51C341A3000AC00D5 /* UnsplashItGallery */ = {
			isa = PBXNativeTarget;
			buildConfigurationList = 3EA553F81C341A3000AC00D5 /* Build configuration list for PBXNativeTarget "UnsplashItGallery" */;
			buildPhases = (
				47FB02B2C37F64CBAAA9C4E5 /* [CP] Check Pods Manifest.lock */,
				3EA553E21C341A3000AC00D5 /* Sources */,
				3EA553E31C341A3000AC00D5 /* Frameworks */,
				3EA553E41C341A3000AC00D5 /* Resources */,
				3EA5545C1C34BB5500AC00D5 /* Embed Frameworks */,
				3EA5547A1C34FD8E00AC00D5 /* Copy Frameworks */,
				CCEB852F632C24A8A60A3A10 /* [CP] Embed Pods Frameworks */,
				12BB0FC485B7E3DEC61C3157 /* [CP] Copy Pods Resources */,
			);
			buildRules = (
			);
			dependencies = (
			);
			name = UnsplashItGallery;
			productName = UnsplashItGallery;
			productReference = 3EA553E61C341A3000AC00D5 /* UnsplashItGallery.app */;
			productType = "com.apple.product-type.application";
		};
/* End PBXNativeTarget section */

/* Begin PBXProject section */
		3EA553DE1C341A3000AC00D5 /* Project object */ = {
			isa = PBXProject;
			attributes = {
				LastSwiftUpdateCheck = 0720;
				LastUpgradeCheck = 0800;
				ORGANIZATIONNAME = WangHong;
				TargetAttributes = {
					3EA553E51C341A3000AC00D5 = {
						CreatedOnToolsVersion = 7.2;
						LastSwiftMigration = 0800;
						ProvisioningStyle = Automatic;
					};
				};
			};
			buildConfigurationList = 3EA553E11C341A3000AC00D5 /* Build configuration list for PBXProject "UnsplashItGallery" */;
			compatibilityVersion = "Xcode 3.2";
			developmentRegion = English;
			hasScannedForEncodings = 0;
			knownRegions = (
				en,
				Base,
				"zh-Hans",
			);
			mainGroup = 3EA553DD1C341A3000AC00D5;
			productRefGroup = 3EA553E71C341A3000AC00D5 /* Products */;
			projectDirPath = "";
			projectRoot = "";
			targets = (
				3EA553E51C341A3000AC00D5 /* UnsplashItGallery */,
			);
		};
/* End PBXProject section */

/* Begin PBXResourcesBuildPhase section */
		3EA553E41C341A3000AC00D5 /* Resources */ = {
			isa = PBXResourcesBuildPhase;
			buildActionMask = 2147483647;
			files = (
				3EA553F41C341A3000AC00D5 /* LaunchScreen.storyboard in Resources */,
				3ECB43451C3918F800AB83CE /* Localizable.strings in Resources */,
				3EA553F11C341A3000AC00D5 /* Assets.xcassets in Resources */,
				3EB65DE01E29F31300BD47D3 /* PhotoBrowserCell.xib in Resources */,
				3EA553EF1C341A3000AC00D5 /* Main.storyboard in Resources */,
				3ECB43591C3AC52F00AB83CE /* InfoPlist.strings in Resources */,
				3EB65DEA1E29F3C900BD47D3 /* Info.plist in Resources */,
			);
			runOnlyForDeploymentPostprocessing = 0;
		};
/* End PBXResourcesBuildPhase section */

/* Begin PBXShellScriptBuildPhase section */
		12BB0FC485B7E3DEC61C3157 /* [CP] Copy Pods Resources */ = {
			isa = PBXShellScriptBuildPhase;
			buildActionMask = 2147483647;
			files = (
			);
			inputPaths = (
			);
			name = "[CP] Copy Pods Resources";
			outputPaths = (
			);
			runOnlyForDeploymentPostprocessing = 0;
			shellPath = /bin/sh;
			shellScript = "\"${SRCROOT}/Pods/Target Support Files/Pods-UnsplashItGallery/Pods-UnsplashItGallery-resources.sh\"\n";
			showEnvVarsInLog = 0;
		};
		47FB02B2C37F64CBAAA9C4E5 /* [CP] Check Pods Manifest.lock */ = {
			isa = PBXShellScriptBuildPhase;
			buildActionMask = 2147483647;
			files = (
			);
			inputPaths = (
			);
			name = "[CP] Check Pods Manifest.lock";
			outputPaths = (
			);
			runOnlyForDeploymentPostprocessing = 0;
			shellPath = /bin/sh;
			shellScript = "diff \"${PODS_ROOT}/../Podfile.lock\" \"${PODS_ROOT}/Manifest.lock\" > /dev/null\nif [[ $? != 0 ]] ; then\n    cat << EOM\nerror: The sandbox is not in sync with the Podfile.lock. Run 'pod install' or update your CocoaPods installation.\nEOM\n    exit 1\nfi\n";
			showEnvVarsInLog = 0;
		};
		CCEB852F632C24A8A60A3A10 /* [CP] Embed Pods Frameworks */ = {
			isa = PBXShellScriptBuildPhase;
			buildActionMask = 2147483647;
			files = (
			);
			inputPaths = (
			);
			name = "[CP] Embed Pods Frameworks";
			outputPaths = (
			);
			runOnlyForDeploymentPostprocessing = 0;
			shellPath = /bin/sh;
			shellScript = "\"${SRCROOT}/Pods/Target Support Files/Pods-UnsplashItGallery/Pods-UnsplashItGallery-frameworks.sh\"\n";
			showEnvVarsInLog = 0;
		};
/* End PBXShellScriptBuildPhase section */

/* Begin PBXSourcesBuildPhase section */
		3EA553E21C341A3000AC00D5 /* Sources */ = {
			isa = PBXSourcesBuildPhase;
			buildActionMask = 2147483647;
			files = (
				3EB65DCB1E29F25400BD47D3 /* ImageModel.swift in Sources */,
				3EB65DDE1E29F31300BD47D3 /* ImageCollectionViewLayout.swift in Sources */,
				3EB65DD91E29F2F200BD47D3 /* PhotoBrowserController.swift in Sources */,
				3EB65DE91E29F3C900BD47D3 /* AppDelegate.swift in Sources */,
				3EB65DD21E29F28D00BD47D3 /* InfoViewController.swift in Sources */,
				3EB65DCC1E29F25400BD47D3 /* ImageURLModel.swift in Sources */,
				3EB65DCE1E29F26600BD47D3 /* MainTableViewCell.swift in Sources */,
				3EB65DE41E29F38E00BD47D3 /* Constant.swift in Sources */,
				3EB65DD41E29F28D00BD47D3 /* RootViewController.swift in Sources */,
				3EB65DDF1E29F31300BD47D3 /* PhotoBrowserCell.swift in Sources */,
				3EB65DEE1E29F41D00BD47D3 /* DataStorageTool.swift in Sources */,
				3EB65DEF1E29F41D00BD47D3 /* ShowAlert.swift in Sources */,
				3EB65DD31E29F28D00BD47D3 /* RootNavigationController.swift in Sources */,
				3EB65DE11E29F31300BD47D3 /* ProgressView.swift in Sources */,
			);
			runOnlyForDeploymentPostprocessing = 0;
		};
/* End PBXSourcesBuildPhase section */

/* Begin PBXVariantGroup section */
		3EA553ED1C341A3000AC00D5 /* Main.storyboard */ = {
			isa = PBXVariantGroup;
			children = (
				3EA553EE1C341A3000AC00D5 /* Base */,
				3ECB436C1C3B8A8B00AB83CE /* zh-Hans */,
			);
			name = Main.storyboard;
			path = ..;
			sourceTree = "<group>";
		};
		3EA553F21C341A3000AC00D5 /* LaunchScreen.storyboard */ = {
			isa = PBXVariantGroup;
			children = (
				3EA553F31C341A3000AC00D5 /* Base */,
			);
			name = LaunchScreen.storyboard;
			path = ..;
			sourceTree = "<group>";
		};
		3ECB43471C3918F800AB83CE /* Localizable.strings */ = {
			isa = PBXVariantGroup;
			children = (
				3ECB43461C3918F800AB83CE /* Base */,
				3ECB43481C3918FB00AB83CE /* zh-Hans */,
			);
			name = Localizable.strings;
			path = ..;
			sourceTree = "<group>";
		};
		3ECB435B1C3AC52F00AB83CE /* InfoPlist.strings */ = {
			isa = PBXVariantGroup;
			children = (
				3ECB435A1C3AC52F00AB83CE /* Base */,
				3ECB435C1C3AC53100AB83CE /* zh-Hans */,
			);
			name = InfoPlist.strings;
			path = ..;
			sourceTree = "<group>";
		};
/* End PBXVariantGroup section */

/* Begin XCBuildConfiguration section */
		3EA553F61C341A3000AC00D5 /* Debug */ = {
			isa = XCBuildConfiguration;
			buildSettings = {
				ALWAYS_SEARCH_USER_PATHS = NO;
				CLANG_ANALYZER_LOCALIZABILITY_NONLOCALIZED = YES;
				CLANG_CXX_LANGUAGE_STANDARD = "gnu++0x";
				CLANG_CXX_LIBRARY = "libc++";
				CLANG_ENABLE_MODULES = YES;
				CLANG_ENABLE_OBJC_ARC = YES;
				CLANG_WARN_BOOL_CONVERSION = YES;
				CLANG_WARN_CONSTANT_CONVERSION = YES;
				CLANG_WARN_DIRECT_OBJC_ISA_USAGE = YES_ERROR;
				CLANG_WARN_EMPTY_BODY = YES;
				CLANG_WARN_ENUM_CONVERSION = YES;
				CLANG_WARN_INFINITE_RECURSION = YES;
				CLANG_WARN_INT_CONVERSION = YES;
				CLANG_WARN_OBJC_ROOT_CLASS = YES_ERROR;
				CLANG_WARN_SUSPICIOUS_MOVE = YES;
				CLANG_WARN_UNREACHABLE_CODE = YES;
				CLANG_WARN__DUPLICATE_METHOD_MATCH = YES;
				"CODE_SIGN_IDENTITY[sdk=iphoneos*]" = "iPhone Developer";
				COPY_PHASE_STRIP = NO;
				DEBUG_INFORMATION_FORMAT = dwarf;
				ENABLE_STRICT_OBJC_MSGSEND = YES;
				ENABLE_TESTABILITY = YES;
				GCC_C_LANGUAGE_STANDARD = gnu99;
				GCC_DYNAMIC_NO_PIC = NO;
				GCC_NO_COMMON_BLOCKS = YES;
				GCC_OPTIMIZATION_LEVEL = 0;
				GCC_PREPROCESSOR_DEFINITIONS = (
					"DEBUG=1",
					"$(inherited)",
				);
				GCC_WARN_64_TO_32_BIT_CONVERSION = YES;
				GCC_WARN_ABOUT_RETURN_TYPE = YES_ERROR;
				GCC_WARN_UNDECLARED_SELECTOR = YES;
				GCC_WARN_UNINITIALIZED_AUTOS = YES_AGGRESSIVE;
				GCC_WARN_UNUSED_FUNCTION = YES;
				GCC_WARN_UNUSED_VARIABLE = YES;
				IPHONEOS_DEPLOYMENT_TARGET = 8.0;
				MTL_ENABLE_DEBUG_INFO = YES;
				ONLY_ACTIVE_ARCH = YES;
				SDKROOT = iphoneos;
				SWIFT_OPTIMIZATION_LEVEL = "-Onone";
				TARGETED_DEVICE_FAMILY = "1,2";
			};
			name = Debug;
		};
		3EA553F71C341A3000AC00D5 /* Release */ = {
			isa = XCBuildConfiguration;
			buildSettings = {
				ALWAYS_SEARCH_USER_PATHS = NO;
				CLANG_ANALYZER_LOCALIZABILITY_NONLOCALIZED = YES;
				CLANG_CXX_LANGUAGE_STANDARD = "gnu++0x";
				CLANG_CXX_LIBRARY = "libc++";
				CLANG_ENABLE_MODULES = YES;
				CLANG_ENABLE_OBJC_ARC = YES;
				CLANG_WARN_BOOL_CONVERSION = YES;
				CLANG_WARN_CONSTANT_CONVERSION = YES;
				CLANG_WARN_DIRECT_OBJC_ISA_USAGE = YES_ERROR;
				CLANG_WARN_EMPTY_BODY = YES;
				CLANG_WARN_ENUM_CONVERSION = YES;
				CLANG_WARN_INFINITE_RECURSION = YES;
				CLANG_WARN_INT_CONVERSION = YES;
				CLANG_WARN_OBJC_ROOT_CLASS = YES_ERROR;
				CLANG_WARN_SUSPICIOUS_MOVE = YES;
				CLANG_WARN_UNREACHABLE_CODE = YES;
				CLANG_WARN__DUPLICATE_METHOD_MATCH = YES;
				"CODE_SIGN_IDENTITY[sdk=iphoneos*]" = "iPhone Developer";
				COPY_PHASE_STRIP = NO;
				DEBUG_INFORMATION_FORMAT = "dwarf-with-dsym";
				ENABLE_NS_ASSERTIONS = NO;
				ENABLE_STRICT_OBJC_MSGSEND = YES;
				GCC_C_LANGUAGE_STANDARD = gnu99;
				GCC_NO_COMMON_BLOCKS = YES;
				GCC_WARN_64_TO_32_BIT_CONVERSION = YES;
				GCC_WARN_ABOUT_RETURN_TYPE = YES_ERROR;
				GCC_WARN_UNDECLARED_SELECTOR = YES;
				GCC_WARN_UNINITIALIZED_AUTOS = YES_AGGRESSIVE;
				GCC_WARN_UNUSED_FUNCTION = YES;
				GCC_WARN_UNUSED_VARIABLE = YES;
				IPHONEOS_DEPLOYMENT_TARGET = 8.0;
				MTL_ENABLE_DEBUG_INFO = NO;
				SDKROOT = iphoneos;
				SWIFT_OPTIMIZATION_LEVEL = "-Owholemodule";
				TARGETED_DEVICE_FAMILY = "1,2";
				VALIDATE_PRODUCT = YES;
			};
			name = Release;
		};
		3EA553F91C341A3000AC00D5 /* Debug */ = {
			isa = XCBuildConfiguration;
			baseConfigurationReference = 8EC234B6C1552B241A75DEC8 /* Pods-UnsplashItGallery.debug.xcconfig */;
			buildSettings = {
				ALWAYS_EMBED_SWIFT_STANDARD_LIBRARIES = "$(inherited)";
				ASSETCATALOG_COMPILER_APPICON_NAME = AppIcon;
				CODE_SIGN_IDENTITY = "iPhone Developer";
				"CODE_SIGN_IDENTITY[sdk=iphoneos*]" = "iPhone Developer";
				DEVELOPMENT_TEAM = "";
				INFOPLIST_FILE = UnsplashItGallery/Info.plist;
				LD_RUNPATH_SEARCH_PATHS = "$(inherited) @executable_path/Frameworks";
				PRODUCT_BUNDLE_IDENTIFIER = com.wanghong.UnsplashItGallery;
				PRODUCT_NAME = "$(TARGET_NAME)";
				PROVISIONING_PROFILE = "";
				SWIFT_VERSION = 3.0;
				TARGETED_DEVICE_FAMILY = "1,2";
			};
			name = Debug;
		};
		3EA553FA1C341A3000AC00D5 /* Release */ = {
			isa = XCBuildConfiguration;
			baseConfigurationReference = 1C5DD9300A4727910F996C3C /* Pods-UnsplashItGallery.release.xcconfig */;
			buildSettings = {
				ALWAYS_EMBED_SWIFT_STANDARD_LIBRARIES = "$(inherited)";
				ASSETCATALOG_COMPILER_APPICON_NAME = AppIcon;
				CODE_SIGN_IDENTITY = "iPhone Developer: Hong Wang (CEGJ2N879K)";
				"CODE_SIGN_IDENTITY[sdk=iphoneos*]" = "iPhone Developer";
				DEVELOPMENT_TEAM = "";
				INFOPLIST_FILE = UnsplashItGallery/Info.plist;
				LD_RUNPATH_SEARCH_PATHS = "$(inherited) @executable_path/Frameworks";
				PRODUCT_BUNDLE_IDENTIFIER = com.wanghong.UnsplashItGallery;
				PRODUCT_NAME = "$(TARGET_NAME)";
				PROVISIONING_PROFILE = "";
				SWIFT_VERSION = 3.0;
				TARGETED_DEVICE_FAMILY = "1,2";
			};
			name = Release;
		};
/* End XCBuildConfiguration section */

/* Begin XCConfigurationList section */
		3EA553E11C341A3000AC00D5 /* Build configuration list for PBXProject "UnsplashItGallery" */ = {
			isa = XCConfigurationList;
			buildConfigurations = (
				3EA553F61C341A3000AC00D5 /* Debug */,
				3EA553F71C341A3000AC00D5 /* Release */,
			);
			defaultConfigurationIsVisible = 0;
			defaultConfigurationName = Release;
		};
		3EA553F81C341A3000AC00D5 /* Build configuration list for PBXNativeTarget "UnsplashItGallery" */ = {
			isa = XCConfigurationList;
			buildConfigurations = (
				3EA553F91C341A3000AC00D5 /* Debug */,
				3EA553FA1C341A3000AC00D5 /* Release */,
			);
			defaultConfigurationIsVisible = 0;
			defaultConfigurationName = Release;
		};
/* End XCConfigurationList section */
	};
	rootObject = 3EA553DE1C341A3000AC00D5 /* Project object */;
}
